
Microsoft Visual Studio Solution File, Format Version 12.00
# Visual Studio Version 16
VisualStudioVersion = 16.0.30114.105
MinimumVisualStudioVersion = 10.0.40219.1
Project("{2150E333-8FDC-42A3-9474-1A3956D46DE8}") = "src", "src", "{823AB3A3-350E-4E21-89BF-E411D2061497}"
EndProject
Project("{FAE04EC0-301F-11D3-BF4B-00C04F79EFBC}") = "Web", "src\Web\Web.csproj", "{3133FF1C-EB10-4514-A24C-9A66C3B4819E}"
EndProject
Project("{2150E333-8FDC-42A3-9474-1A3956D46DE8}") = "test", "test", "{124E732E-95B3-4791-80BA-DEBDF43CA750}"
EndProject
Project("{FAE04EC0-301F-11D3-BF4B-00C04F79EFBC}") = "FunctionalTests", "test\FunctionalTests\FunctionalTests.csproj", "{6A3BD4D0-B6AA-4248-BD29-ACA4D7C8779E}"
EndProject
Project("{FAE04EC0-301F-11D3-BF4B-00C04F79EFBC}") = "UnitTests", "test\UnitTests\UnitTests.csproj", "{15561C2A-1A29-4701-9F9F-40054EB60EEF}"
EndProject
Project("{FAE04EC0-301F-11D3-BF4B-00C04F79EFBC}") = "APIClient", "src\APIClient\APIClient.csproj", "{1045F9C0-F154-4FF2-88EE-A1C28973250B}"
EndProject
Global
	GlobalSection(SolutionConfigurationPlatforms) = preSolution
		Debug|Any CPU = Debug|Any CPU
		Debug|x64 = Debug|x64
		Debug|x86 = Debug|x86
		Release|Any CPU = Release|Any CPU
		Release|x64 = Release|x64
		Release|x86 = Release|x86
	EndGlobalSection
	GlobalSection(SolutionProperties) = preSolution
		HideSolutionNode = FALSE
	EndGlobalSection
	GlobalSection(ProjectConfigurationPlatforms) = postSolution
		{3133FF1C-EB10-4514-A24C-9A66C3B4819E}.Debug|Any CPU.ActiveCfg = Debug|Any CPU
		{3133FF1C-EB10-4514-A24C-9A66C3B4819E}.Debug|Any CPU.Build.0 = Debug|Any CPU
		{3133FF1C-EB10-4514-A24C-9A66C3B4819E}.Debug|x64.ActiveCfg = Debug|Any CPU
		{3133FF1C-EB10-4514-A24C-9A66C3B4819E}.Debug|x64.Build.0 = Debug|Any CPU
		{3133FF1C-EB10-4514-A24C-9A66C3B4819E}.Debug|x86.ActiveCfg = Debug|Any CPU
		{3133FF1C-EB10-4514-A24C-9A66C3B4819E}.Debug|x86.Build.0 = Debug|Any CPU
		{3133FF1C-EB10-4514-A24C-9A66C3B4819E}.Release|Any CPU.ActiveCfg = Release|Any CPU
		{3133FF1C-EB10-4514-A24C-9A66C3B4819E}.Release|Any CPU.Build.0 = Release|Any CPU
		{3133FF1C-EB10-4514-A24C-9A66C3B4819E}.Release|x64.ActiveCfg = Release|Any CPU
		{3133FF1C-EB10-4514-A24C-9A66C3B4819E}.Release|x64.Build.0 = Release|Any CPU
		{3133FF1C-EB10-4514-A24C-9A66C3B4819E}.Release|x86.ActiveCfg = Release|Any CPU
		{3133FF1C-EB10-4514-A24C-9A66C3B4819E}.Release|x86.Build.0 = Release|Any CPU
		{6A3BD4D0-B6AA-4248-BD29-ACA4D7C8779E}.Debug|Any CPU.ActiveCfg = Debug|Any CPU
		{6A3BD4D0-B6AA-4248-BD29-ACA4D7C8779E}.Debug|Any CPU.Build.0 = Debug|Any CPU
		{6A3BD4D0-B6AA-4248-BD29-ACA4D7C8779E}.Debug|x64.ActiveCfg = Debug|Any CPU
		{6A3BD4D0-B6AA-4248-BD29-ACA4D7C8779E}.Debug|x64.Build.0 = Debug|Any CPU
		{6A3BD4D0-B6AA-4248-BD29-ACA4D7C8779E}.Debug|x86.ActiveCfg = Debug|Any CPU
		{6A3BD4D0-B6AA-4248-BD29-ACA4D7C8779E}.Debug|x86.Build.0 = Debug|Any CPU
		{6A3BD4D0-B6AA-4248-BD29-ACA4D7C8779E}.Release|Any CPU.ActiveCfg = Release|Any CPU
		{6A3BD4D0-B6AA-4248-BD29-ACA4D7C8779E}.Release|Any CPU.Build.0 = Release|Any CPU
		{6A3BD4D0-B6AA-4248-BD29-ACA4D7C8779E}.Release|x64.ActiveCfg = Release|Any CPU
		{6A3BD4D0-B6AA-4248-BD29-ACA4D7C8779E}.Release|x64.Build.0 = Release|Any CPU
		{6A3BD4D0-B6AA-4248-BD29-ACA4D7C8779E}.Release|x86.ActiveCfg = Release|Any CPU
		{6A3BD4D0-B6AA-4248-BD29-ACA4D7C8779E}.Release|x86.Build.0 = Release|Any CPU
		{15561C2A-1A29-4701-9F9F-40054EB60EEF}.Debug|Any CPU.ActiveCfg = Debug|Any CPU
		{15561C2A-1A29-4701-9F9F-40054EB60EEF}.Debug|Any CPU.Build.0 = Debug|Any CPU
		{15561C2A-1A29-4701-9F9F-40054EB60EEF}.Debug|x64.ActiveCfg = Debug|Any CPU
		{15561C2A-1A29-4701-9F9F-40054EB60EEF}.Debug|x64.Build.0 = Debug|Any CPU
		{15561C2A-1A29-4701-9F9F-40054EB60EEF}.Debug|x86.ActiveCfg = Debug|Any CPU
		{15561C2A-1A29-4701-9F9F-40054EB60EEF}.Debug|x86.Build.0 = Debug|Any CPU
		{15561C2A-1A29-4701-9F9F-40054EB60EEF}.Release|Any CPU.ActiveCfg = Release|Any CPU
		{15561C2A-1A29-4701-9F9F-40054EB60EEF}.Release|Any CPU.Build.0 = Release|Any CPU
		{15561C2A-1A29-4701-9F9F-40054EB60EEF}.Release|x64.ActiveCfg = Release|Any CPU
		{15561C2A-1A29-4701-9F9F-40054EB60EEF}.Release|x64.Build.0 = Release|Any CPU
		{15561C2A-1A29-4701-9F9F-40054EB60EEF}.Release|x86.ActiveCfg = Release|Any CPU
		{15561C2A-1A29-4701-9F9F-40054EB60EEF}.Release|x86.Build.0 = Release|Any CPU
		{1045F9C0-F154-4FF2-88EE-A1C28973250B}.Debug|Any CPU.ActiveCfg = Debug|Any CPU
		{1045F9C0-F154-4FF2-88EE-A1C28973250B}.Debug|Any CPU.Build.0 = Debug|Any CPU
		{1045F9C0-F154-4FF2-88EE-A1C28973250B}.Debug|x64.ActiveCfg = Debug|Any CPU
		{1045F9C0-F154-4FF2-88EE-A1C28973250B}.Debug|x64.Build.0 = Debug|Any CPU
		{1045F9C0-F154-4FF2-88EE-A1C28973250B}.Debug|x86.ActiveCfg = Debug|Any CPU
		{1045F9C0-F154-4FF2-88EE-A1C28973250B}.Debug|x86.Build.0 = Debug|Any CPU
		{1045F9C0-F154-4FF2-88EE-A1C28973250B}.Release|Any CPU.ActiveCfg = Release|Any CPU
		{1045F9C0-F154-4FF2-88EE-A1C28973250B}.Release|Any CPU.Build.0 = Release|Any CPU
		{1045F9C0-F154-4FF2-88EE-A1C28973250B}.Release|x64.ActiveCfg = Release|Any CPU
		{1045F9C0-F154-4FF2-88EE-A1C28973250B}.Release|x64.Build.0 = Release|Any CPU
		{1045F9C0-F154-4FF2-88EE-A1C28973250B}.Release|x86.ActiveCfg = Release|Any CPU
		{1045F9C0-F154-4FF2-88EE-A1C28973250B}.Release|x86.Build.0 = Release|Any CPU
	EndGlobalSection
	GlobalSection(NestedProjects) = preSolution
		{3133FF1C-EB10-4514-A24C-9A66C3B4819E} = {823AB3A3-350E-4E21-89BF-E411D2061497}
		{6A3BD4D0-B6AA-4248-BD29-ACA4D7C8779E} = {124E732E-95B3-4791-80BA-DEBDF43CA750}
		{15561C2A-1A29-4701-9F9F-40054EB60EEF} = {124E732E-95B3-4791-80BA-DEBDF43CA750}
		{1045F9C0-F154-4FF2-88EE-A1C28973250B} = {823AB3A3-350E-4E21-89BF-E411D2061497}
	EndGlobalSection
EndGlobal
